
Microsoft Visual Studio Solution File, Format Version 12.00
# Visual Studio Version 17
VisualStudioVersion = 17.0.31919.166
MinimumVisualStudioVersion = 10.0.40219.1
Project("{FAE04EC0-301F-11D3-BF4B-00C04F79EFBC}") = "MD-DbTool", "MD-DbTool\MD-DbTool.csproj", "{6FBE67D7-A5AC-4073-A2E7-AC8FBCDD8A7C}"
EndProject
Global
	GlobalSection(SolutionConfigurationPlatforms) = preSolution
		Debug|Any CPU = Debug|Any CPU
		Release|Any CPU = Release|Any CPU
	EndGlobalSection
	GlobalSection(ProjectConfigurationPlatforms) = postSolution
		{6FBE67D7-A5AC-4073-A2E7-AC8FBCDD8A7C}.Debug|Any CPU.ActiveCfg = Debug|Any CPU
		{6FBE67D7-A5AC-4073-A2E7-AC8FBCDD8A7C}.Debug|Any CPU.Build.0 = Debug|Any CPU
		{6FBE67D7-A5AC-4073-A2E7-AC8FBCDD8A7C}.Release|Any CPU.ActiveCfg = Release|Any CPU
		{6FBE67D7-A5AC-4073-A2E7-AC8FBCDD8A7C}.Release|Any CPU.Build.0 = Release|Any CPU
	EndGlobalSection
	GlobalSection(SolutionProperties) = preSolution
		HideSolutionNode = FALSE
	EndGlobalSection
	GlobalSection(ExtensibilityGlobals) = postSolution
		SolutionGuid = {FA968C33-43E3-4658-8294-073A37033A56}
	EndGlobalSection
EndGlobal
